// !$*UTF8*$!
{
	archiveVersion = 1;
	classes = {
	};
	objectVersion = 51;
	objects = {

/* Begin PBXBuildFile section */
		2789DC2FB887521A6E7E4D80 /* Pods_TaskAmaz.framework in Frameworks */ = {isa = PBXBuildFile; fileRef = B0223A1AD91BD61623188AA6 /* Pods_TaskAmaz.framework */; };
		D97BDE1D24E2E90100EA2452 /* AppDelegate.swift in Sources */ = {isa = PBXBuildFile; fileRef = D97BDE1C24E2E90100EA2452 /* AppDelegate.swift */; };
		D97BDE2124E2E90100EA2452 /* ViewController.swift in Sources */ = {isa = PBXBuildFile; fileRef = D97BDE2024E2E90100EA2452 /* ViewController.swift */; };
		D97BDE2424E2E90100EA2452 /* Main.storyboard in Resources */ = {isa = PBXBuildFile; fileRef = D97BDE2224E2E90100EA2452 /* Main.storyboard */; };
		D97BDE2624E2E90700EA2452 /* Assets.xcassets in Resources */ = {isa = PBXBuildFile; fileRef = D97BDE2524E2E90700EA2452 /* Assets.xcassets */; };
		D97BDE2924E2E90700EA2452 /* LaunchScreen.storyboard in Resources */ = {isa = PBXBuildFile; fileRef = D97BDE2724E2E90700EA2452 /* LaunchScreen.storyboard */; };
		D97BDE3824E2F3DD00EA2452 /* API.swift in Sources */ = {isa = PBXBuildFile; fileRef = D97BDE3724E2F3DD00EA2452 /* API.swift */; };
		D97BDE3A24E2F3ED00EA2452 /* NetworkProtocol.swift in Sources */ = {isa = PBXBuildFile; fileRef = D97BDE3924E2F3ED00EA2452 /* NetworkProtocol.swift */; };
		D97BDE3C24E2F40200EA2452 /* NetworkManager.swift in Sources */ = {isa = PBXBuildFile; fileRef = D97BDE3B24E2F40200EA2452 /* NetworkManager.swift */; };
		D97BDE4024E2FF6000EA2452 /* PageResponse.swift in Sources */ = {isa = PBXBuildFile; fileRef = D97BDE3F24E2FF6000EA2452 /* PageResponse.swift */; };
		D97BDE4324E3022100EA2452 /* Person.swift in Sources */ = {isa = PBXBuildFile; fileRef = D97BDE4224E3022100EA2452 /* Person.swift */; };
		D97BDE4524E308F800EA2452 /* Media.swift in Sources */ = {isa = PBXBuildFile; fileRef = D97BDE4424E308F800EA2452 /* Media.swift */; };
		D9A1E28E24E3104B00577345 /* PersonTableViewCell.swift in Sources */ = {isa = PBXBuildFile; fileRef = D9A1E28C24E3104B00577345 /* PersonTableViewCell.swift */; };
		D9A1E28F24E3104B00577345 /* PersonTableViewCell.xib in Resources */ = {isa = PBXBuildFile; fileRef = D9A1E28D24E3104B00577345 /* PersonTableViewCell.xib */; };
		D9A1E29624E3140A00577345 /* iView.swift in Sources */ = {isa = PBXBuildFile; fileRef = D9A1E29224E3140A00577345 /* iView.swift */; };
		D9A1E29724E3140A00577345 /* iButton.swift in Sources */ = {isa = PBXBuildFile; fileRef = D9A1E29324E3140A00577345 /* iButton.swift */; };
		D9A1E29B24E3143200577345 /* iImageView.swift in Sources */ = {isa = PBXBuildFile; fileRef = D9A1E29A24E3143200577345 /* iImageView.swift */; };
/* End PBXBuildFile section */

/* Begin PBXFileReference section */
		763D63E6B745F2E2F7E036B1 /* Pods-TaskAmaz.release.xcconfig */ = {isa = PBXFileReference; includeInIndex = 1; lastKnownFileType = text.xcconfig; name = "Pods-TaskAmaz.release.xcconfig"; path = "Target Support Files/Pods-TaskAmaz/Pods-TaskAmaz.release.xcconfig"; sourceTree = "<group>"; };
		B0223A1AD91BD61623188AA6 /* Pods_TaskAmaz.framework */ = {isa = PBXFileReference; explicitFileType = wrapper.framework; includeInIndex = 0; path = Pods_TaskAmaz.framework; sourceTree = BUILT_PRODUCTS_DIR; };
		D97BDE1924E2E90100EA2452 /* TaskAmaz.app */ = {isa = PBXFileReference; explicitFileType = wrapper.application; includeInIndex = 0; path = TaskAmaz.app; sourceTree = BUILT_PRODUCTS_DIR; };
		D97BDE1C24E2E90100EA2452 /* AppDelegate.swift */ = {isa = PBXFileReference; lastKnownFileType = sourcecode.swift; path = AppDelegate.swift; sourceTree = "<group>"; };
		D97BDE2024E2E90100EA2452 /* ViewController.swift */ = {isa = PBXFileReference; lastKnownFileType = sourcecode.swift; path = ViewController.swift; sourceTree = "<group>"; };
		D97BDE2324E2E90100EA2452 /* Base */ = {isa = PBXFileReference; lastKnownFileType = file.storyboard; name = Base; path = Base.lproj/Main.storyboard; sourceTree = "<group>"; };
		D97BDE2524E2E90700EA2452 /* Assets.xcassets */ = {isa = PBXFileReference; lastKnownFileType = folder.assetcatalog; path = Assets.xcassets; sourceTree = "<group>"; };
		D97BDE2824E2E90700EA2452 /* Base */ = {isa = PBXFileReference; lastKnownFileType = file.storyboard; name = Base; path = Base.lproj/LaunchScreen.storyboard; sourceTree = "<group>"; };
		D97BDE2A24E2E90700EA2452 /* Info.plist */ = {isa = PBXFileReference; lastKnownFileType = text.plist.xml; path = Info.plist; sourceTree = "<group>"; };
		D97BDE3724E2F3DD00EA2452 /* API.swift */ = {isa = PBXFileReference; lastKnownFileType = sourcecode.swift; path = API.swift; sourceTree = "<group>"; };
		D97BDE3924E2F3ED00EA2452 /* NetworkProtocol.swift */ = {isa = PBXFileReference; lastKnownFileType = sourcecode.swift; path = NetworkProtocol.swift; sourceTree = "<group>"; };
		D97BDE3B24E2F40200EA2452 /* NetworkManager.swift */ = {isa = PBXFileReference; lastKnownFileType = sourcecode.swift; path = NetworkManager.swift; sourceTree = "<group>"; };
		D97BDE3F24E2FF6000EA2452 /* PageResponse.swift */ = {isa = PBXFileReference; lastKnownFileType = sourcecode.swift; path = PageResponse.swift; sourceTree = "<group>"; };
		D97BDE4224E3022100EA2452 /* Person.swift */ = {isa = PBXFileReference; lastKnownFileType = sourcecode.swift; path = Person.swift; sourceTree = "<group>"; };
		D97BDE4424E308F800EA2452 /* Media.swift */ = {isa = PBXFileReference; lastKnownFileType = sourcecode.swift; path = Media.swift; sourceTree = "<group>"; };
		D9A1E28C24E3104B00577345 /* PersonTableViewCell.swift */ = {isa = PBXFileReference; lastKnownFileType = sourcecode.swift; path = PersonTableViewCell.swift; sourceTree = "<group>"; };
		D9A1E28D24E3104B00577345 /* PersonTableViewCell.xib */ = {isa = PBXFileReference; lastKnownFileType = file.xib; path = PersonTableViewCell.xib; sourceTree = "<group>"; };
		D9A1E29224E3140A00577345 /* iView.swift */ = {isa = PBXFileReference; fileEncoding = 4; lastKnownFileType = sourcecode.swift; path = iView.swift; sourceTree = "<group>"; };
		D9A1E29324E3140A00577345 /* iButton.swift */ = {isa = PBXFileReference; fileEncoding = 4; lastKnownFileType = sourcecode.swift; path = iButton.swift; sourceTree = "<group>"; };
		D9A1E29A24E3143200577345 /* iImageView.swift */ = {isa = PBXFileReference; lastKnownFileType = sourcecode.swift; path = iImageView.swift; sourceTree = "<group>"; };
		DC5A5EAE75C330363578ADC0 /* Pods-TaskAmaz.debug.xcconfig */ = {isa = PBXFileReference; includeInIndex = 1; lastKnownFileType = text.xcconfig; name = "Pods-TaskAmaz.debug.xcconfig"; path = "Target Support Files/Pods-TaskAmaz/Pods-TaskAmaz.debug.xcconfig"; sourceTree = "<group>"; };
/* End PBXFileReference section */

/* Begin PBXFrameworksBuildPhase section */
		D97BDE1624E2E90100EA2452 /* Frameworks */ = {
			isa = PBXFrameworksBuildPhase;
			buildActionMask = 2147483647;
			files = (
				2789DC2FB887521A6E7E4D80 /* Pods_TaskAmaz.framework in Frameworks */,
			);
			runOnlyForDeploymentPostprocessing = 0;
		};
/* End PBXFrameworksBuildPhase section */

/* Begin PBXGroup section */
		5274A3F2758BED4B2D5496A4 /* Frameworks */ = {
			isa = PBXGroup;
			children = (
				B0223A1AD91BD61623188AA6 /* Pods_TaskAmaz.framework */,
			);
			name = Frameworks;
			sourceTree = "<group>";
		};
		7DB1A16FCA0D8DCDA2FA696E /* Pods */ = {
			isa = PBXGroup;
			children = (
				DC5A5EAE75C330363578ADC0 /* Pods-TaskAmaz.debug.xcconfig */,
				763D63E6B745F2E2F7E036B1 /* Pods-TaskAmaz.release.xcconfig */,
			);
			path = Pods;
			sourceTree = "<group>";
		};
		D97BDE1024E2E90100EA2452 = {
			isa = PBXGroup;
			children = (
				D97BDE1B24E2E90100EA2452 /* TaskAmaz */,
				D97BDE1A24E2E90100EA2452 /* Products */,
				7DB1A16FCA0D8DCDA2FA696E /* Pods */,
				5274A3F2758BED4B2D5496A4 /* Frameworks */,
			);
			sourceTree = "<group>";
		};
		D97BDE1A24E2E90100EA2452 /* Products */ = {
			isa = PBXGroup;
			children = (
				D97BDE1924E2E90100EA2452 /* TaskAmaz.app */,
			);
			name = Products;
			sourceTree = "<group>";
		};
		D97BDE1B24E2E90100EA2452 /* TaskAmaz */ = {
			isa = PBXGroup;
			children = (
				D9A1E29024E313DB00577345 /* Core */,
				D97BDE3524E2F3BC00EA2452 /* Network */,
				D97BDE3224E2F37000EA2452 /* Storyboard */,
				D97BDE3324E2F38100EA2452 /* Support */,
				D97BDE3024E2F35E00EA2452 /* Modules */,
			);
			path = TaskAmaz;
			sourceTree = "<group>";
		};
		D97BDE3024E2F35E00EA2452 /* Modules */ = {
			isa = PBXGroup;
			children = (
				D9A1E28B24E3101500577345 /* ViewModel */,
				D9A1E28A24E3100F00577345 /* View */,
				D97BDE3124E2F36400EA2452 /* Home */,
			);
			path = Modules;
			sourceTree = "<group>";
		};
		D97BDE3124E2F36400EA2452 /* Home */ = {
			isa = PBXGroup;
			children = (
				D97BDE3424E2F39E00EA2452 /* Controller */,
			);
			path = Home;
			sourceTree = "<group>";
		};
		D97BDE3224E2F37000EA2452 /* Storyboard */ = {
			isa = PBXGroup;
			children = (
				D97BDE2224E2E90100EA2452 /* Main.storyboard */,
				D97BDE2724E2E90700EA2452 /* LaunchScreen.storyboard */,
			);
			path = Storyboard;
			sourceTree = "<group>";
		};
		D97BDE3324E2F38100EA2452 /* Support */ = {
			isa = PBXGroup;
			children = (
				D97BDE1C24E2E90100EA2452 /* AppDelegate.swift */,
				D97BDE2524E2E90700EA2452 /* Assets.xcassets */,
				D97BDE2A24E2E90700EA2452 /* Info.plist */,
			);
			path = Support;
			sourceTree = "<group>";
		};
		D97BDE3424E2F39E00EA2452 /* Controller */ = {
			isa = PBXGroup;
			children = (
				D97BDE2024E2E90100EA2452 /* ViewController.swift */,
			);
			path = Controller;
			sourceTree = "<group>";
		};
		D97BDE3524E2F3BC00EA2452 /* Network */ = {
			isa = PBXGroup;
			children = (
				D97BDE4124E3020F00EA2452 /* Response */,
				D97BDE3E24E2FBC700EA2452 /* Models */,
				D97BDE3D24E2FBBE00EA2452 /* API */,
			);
			path = Network;
			sourceTree = "<group>";
		};
		D97BDE3D24E2FBBE00EA2452 /* API */ = {
			isa = PBXGroup;
			children = (
				D97BDE3724E2F3DD00EA2452 /* API.swift */,
				D97BDE3924E2F3ED00EA2452 /* NetworkProtocol.swift */,
				D97BDE3B24E2F40200EA2452 /* NetworkManager.swift */,
			);
			path = API;
			sourceTree = "<group>";
		};
		D97BDE3E24E2FBC700EA2452 /* Models */ = {
			isa = PBXGroup;
			children = (
				D97BDE4224E3022100EA2452 /* Person.swift */,
				D97BDE4424E308F800EA2452 /* Media.swift */,
			);
			path = Models;
			sourceTree = "<group>";
		};
		D97BDE4124E3020F00EA2452 /* Response */ = {
			isa = PBXGroup;
			children = (
				D97BDE3F24E2FF6000EA2452 /* PageResponse.swift */,
			);
			path = Response;
			sourceTree = "<group>";
		};
		D9A1E28A24E3100F00577345 /* View */ = {
			isa = PBXGroup;
			children = (
				D9A1E28C24E3104B00577345 /* PersonTableViewCell.swift */,
				D9A1E28D24E3104B00577345 /* PersonTableViewCell.xib */,
			);
			path = View;
			sourceTree = "<group>";
		};
		D9A1E28B24E3101500577345 /* ViewModel */ = {
			isa = PBXGroup;
			children = (
			);
			path = ViewModel;
			sourceTree = "<group>";
		};
		D9A1E29024E313DB00577345 /* Core */ = {
			isa = PBXGroup;
			children = (
				D9A1E29124E3140A00577345 /* iView */,
			);
			path = Core;
			sourceTree = "<group>";
		};
		D9A1E29124E3140A00577345 /* iView */ = {
			isa = PBXGroup;
			children = (
				D9A1E29224E3140A00577345 /* iView.swift */,
				D9A1E29324E3140A00577345 /* iButton.swift */,
				D9A1E29A24E3143200577345 /* iImageView.swift */,
			);
			path = iView;
			sourceTree = "<group>";
		};
/* End PBXGroup section */

/* Begin PBXNativeTarget section */
		D97BDE1824E2E90100EA2452 /* TaskAmaz */ = {
			isa = PBXNativeTarget;
			buildConfigurationList = D97BDE2D24E2E90700EA2452 /* Build configuration list for PBXNativeTarget "TaskAmaz" */;
			buildPhases = (
				683DFC414878669336C49A1C /* [CP] Check Pods Manifest.lock */,
				D97BDE1524E2E90100EA2452 /* Sources */,
				D97BDE1624E2E90100EA2452 /* Frameworks */,
				D97BDE1724E2E90100EA2452 /* Resources */,
				0C83A3046CF9878E11C04EAA /* [CP] Embed Pods Frameworks */,
			);
			buildRules = (
			);
			dependencies = (
			);
			name = TaskAmaz;
			productName = TaskAmaz;
			productReference = D97BDE1924E2E90100EA2452 /* TaskAmaz.app */;
			productType = "com.apple.product-type.application";
		};
/* End PBXNativeTarget section */

/* Begin PBXProject section */
		D97BDE1124E2E90100EA2452 /* Project object */ = {
			isa = PBXProject;
			attributes = {
				LastSwiftUpdateCheck = 1160;
				LastUpgradeCheck = 1160;
				ORGANIZATIONNAME = "Mohamed Shemy";
				TargetAttributes = {
					D97BDE1824E2E90100EA2452 = {
						CreatedOnToolsVersion = 11.6;
					};
				};
			};
			buildConfigurationList = D97BDE1424E2E90100EA2452 /* Build configuration list for PBXProject "TaskAmaz" */;
			compatibilityVersion = "Xcode 9.3";
			developmentRegion = en;
			hasScannedForEncodings = 0;
			knownRegions = (
				en,
				Base,
			);
			mainGroup = D97BDE1024E2E90100EA2452;
			productRefGroup = D97BDE1A24E2E90100EA2452 /* Products */;
			projectDirPath = "";
			projectRoot = "";
			targets = (
				D97BDE1824E2E90100EA2452 /* TaskAmaz */,
			);
		};
/* End PBXProject section */

/* Begin PBXResourcesBuildPhase section */
		D97BDE1724E2E90100EA2452 /* Resources */ = {
			isa = PBXResourcesBuildPhase;
			buildActionMask = 2147483647;
			files = (
				D97BDE2924E2E90700EA2452 /* LaunchScreen.storyboard in Resources */,
				D97BDE2624E2E90700EA2452 /* Assets.xcassets in Resources */,
				D9A1E28F24E3104B00577345 /* PersonTableViewCell.xib in Resources */,
				D97BDE2424E2E90100EA2452 /* Main.storyboard in Resources */,
			);
			runOnlyForDeploymentPostprocessing = 0;
		};
/* End PBXResourcesBuildPhase section */

/* Begin PBXShellScriptBuildPhase section */
		0C83A3046CF9878E11C04EAA /* [CP] Embed Pods Frameworks */ = {
			isa = PBXShellScriptBuildPhase;
			buildActionMask = 2147483647;
			files = (
			);
			inputFileListPaths = (
				"${PODS_ROOT}/Target Support Files/Pods-TaskAmaz/Pods-TaskAmaz-frameworks-${CONFIGURATION}-input-files.xcfilelist",
			);
			name = "[CP] Embed Pods Frameworks";
			outputFileListPaths = (
				"${PODS_ROOT}/Target Support Files/Pods-TaskAmaz/Pods-TaskAmaz-frameworks-${CONFIGURATION}-output-files.xcfilelist",
			);
			runOnlyForDeploymentPostprocessing = 0;
			shellPath = /bin/sh;
			shellScript = "\"${PODS_ROOT}/Target Support Files/Pods-TaskAmaz/Pods-TaskAmaz-frameworks.sh\"\n";
			showEnvVarsInLog = 0;
		};
		683DFC414878669336C49A1C /* [CP] Check Pods Manifest.lock */ = {
			isa = PBXShellScriptBuildPhase;
			buildActionMask = 2147483647;
			files = (
			);
			inputFileListPaths = (
			);
			inputPaths = (
				"${PODS_PODFILE_DIR_PATH}/Podfile.lock",
				"${PODS_ROOT}/Manifest.lock",
			);
			name = "[CP] Check Pods Manifest.lock";
			outputFileListPaths = (
			);
			outputPaths = (
				"$(DERIVED_FILE_DIR)/Pods-TaskAmaz-checkManifestLockResult.txt",
			);
			runOnlyForDeploymentPostprocessing = 0;
			shellPath = /bin/sh;
			shellScript = "diff \"${PODS_PODFILE_DIR_PATH}/Podfile.lock\" \"${PODS_ROOT}/Manifest.lock\" > /dev/null\nif [ $? != 0 ] ; then\n    # print error to STDERR\n    echo \"error: The sandbox is not in sync with the Podfile.lock. Run 'pod install' or update your CocoaPods installation.\" >&2\n    exit 1\nfi\n# This output is used by Xcode 'outputs' to avoid re-running this script phase.\necho \"SUCCESS\" > \"${SCRIPT_OUTPUT_FILE_0}\"\n";
			showEnvVarsInLog = 0;
		};
/* End PBXShellScriptBuildPhase section */

/* Begin PBXSourcesBuildPhase section */
		D97BDE1524E2E90100EA2452 /* Sources */ = {
			isa = PBXSourcesBuildPhase;
			buildActionMask = 2147483647;
			files = (
				D97BDE3A24E2F3ED00EA2452 /* NetworkProtocol.swift in Sources */,
				D97BDE4024E2FF6000EA2452 /* PageResponse.swift in Sources */,
				D9A1E29B24E3143200577345 /* iImageView.swift in Sources */,
				D97BDE2124E2E90100EA2452 /* ViewController.swift in Sources */,
				D9A1E28E24E3104B00577345 /* PersonTableViewCell.swift in Sources */,
				D97BDE3C24E2F40200EA2452 /* NetworkManager.swift in Sources */,
				D97BDE4324E3022100EA2452 /* Person.swift in Sources */,
				D97BDE3824E2F3DD00EA2452 /* API.swift in Sources */,
				D9A1E29724E3140A00577345 /* iButton.swift in Sources */,
				D97BDE4524E308F800EA2452 /* Media.swift in Sources */,
				D9A1E29624E3140A00577345 /* iView.swift in Sources */,
				D97BDE1D24E2E90100EA2452 /* AppDelegate.swift in Sources */,
			);
			runOnlyForDeploymentPostprocessing = 0;
		};
/* End PBXSourcesBuildPhase section */

/* Begin PBXVariantGroup section */
		D97BDE2224E2E90100EA2452 /* Main.storyboard */ = {
			isa = PBXVariantGroup;
			children = (
				D97BDE2324E2E90100EA2452 /* Base */,
			);
			name = Main.storyboard;
			sourceTree = "<group>";
		};
		D97BDE2724E2E90700EA2452 /* LaunchScreen.storyboard */ = {
			isa = PBXVariantGroup;
			children = (
				D97BDE2824E2E90700EA2452 /* Base */,
			);
			name = LaunchScreen.storyboard;
			sourceTree = "<group>";
		};
/* End PBXVariantGroup section */

/* Begin XCBuildConfiguration section */
		D97BDE2B24E2E90700EA2452 /* Debug */ = {
			isa = XCBuildConfiguration;
			buildSettings = {
				ALWAYS_SEARCH_USER_PATHS = NO;
				CLANG_ANALYZER_NONNULL = YES;
				CLANG_ANALYZER_NUMBER_OBJECT_CONVERSION = YES_AGGRESSIVE;
				CLANG_CXX_LANGUAGE_STANDARD = "gnu++14";
				CLANG_CXX_LIBRARY = "libc++";
				CLANG_ENABLE_MODULES = YES;
				CLANG_ENABLE_OBJC_ARC = YES;
				CLANG_ENABLE_OBJC_WEAK = YES;
				CLANG_WARN_BLOCK_CAPTURE_AUTORELEASING = YES;
				CLANG_WARN_BOOL_CONVERSION = YES;
				CLANG_WARN_COMMA = YES;
				CLANG_WARN_CONSTANT_CONVERSION = YES;
				CLANG_WARN_DEPRECATED_OBJC_IMPLEMENTATIONS = YES;
				CLANG_WARN_DIRECT_OBJC_ISA_USAGE = YES_ERROR;
				CLANG_WARN_DOCUMENTATION_COMMENTS = YES;
				CLANG_WARN_EMPTY_BODY = YES;
				CLANG_WARN_ENUM_CONVERSION = YES;
				CLANG_WARN_INFINITE_RECURSION = YES;
				CLANG_WARN_INT_CONVERSION = YES;
				CLANG_WARN_NON_LITERAL_NULL_CONVERSION = YES;
				CLANG_WARN_OBJC_IMPLICIT_RETAIN_SELF = YES;
				CLANG_WARN_OBJC_LITERAL_CONVERSION = YES;
				CLANG_WARN_OBJC_ROOT_CLASS = YES_ERROR;
				CLANG_WARN_RANGE_LOOP_ANALYSIS = YES;
				CLANG_WARN_STRICT_PROTOTYPES = YES;
				CLANG_WARN_SUSPICIOUS_MOVE = YES;
				CLANG_WARN_UNGUARDED_AVAILABILITY = YES_AGGRESSIVE;
				CLANG_WARN_UNREACHABLE_CODE = YES;
				CLANG_WARN__DUPLICATE_METHOD_MATCH = YES;
				COPY_PHASE_STRIP = NO;
				DEBUG_INFORMATION_FORMAT = dwarf;
				ENABLE_STRICT_OBJC_MSGSEND = YES;
				ENABLE_TESTABILITY = YES;
				GCC_C_LANGUAGE_STANDARD = gnu11;
				GCC_DYNAMIC_NO_PIC = NO;
				GCC_NO_COMMON_BLOCKS = YES;
				GCC_OPTIMIZATION_LEVEL = 0;
				GCC_PREPROCESSOR_DEFINITIONS = (
					"DEBUG=1",
					"$(inherited)",
				);
				GCC_WARN_64_TO_32_BIT_CONVERSION = YES;
				GCC_WARN_ABOUT_RETURN_TYPE = YES_ERROR;
				GCC_WARN_UNDECLARED_SELECTOR = YES;
				GCC_WARN_UNINITIALIZED_AUTOS = YES_AGGRESSIVE;
				GCC_WARN_UNUSED_FUNCTION = YES;
				GCC_WARN_UNUSED_VARIABLE = YES;
				IPHONEOS_DEPLOYMENT_TARGET = 13.6;
				MTL_ENABLE_DEBUG_INFO = INCLUDE_SOURCE;
				MTL_FAST_MATH = YES;
				ONLY_ACTIVE_ARCH = YES;
				SDKROOT = iphoneos;
				SWIFT_ACTIVE_COMPILATION_CONDITIONS = DEBUG;
				SWIFT_OPTIMIZATION_LEVEL = "-Onone";
			};
			name = Debug;
		};
		D97BDE2C24E2E90700EA2452 /* Release */ = {
			isa = XCBuildConfiguration;
			buildSettings = {
				ALWAYS_SEARCH_USER_PATHS = NO;
				CLANG_ANALYZER_NONNULL = YES;
				CLANG_ANALYZER_NUMBER_OBJECT_CONVERSION = YES_AGGRESSIVE;
				CLANG_CXX_LANGUAGE_STANDARD = "gnu++14";
				CLANG_CXX_LIBRARY = "libc++";
				CLANG_ENABLE_MODULES = YES;
				CLANG_ENABLE_OBJC_ARC = YES;
				CLANG_ENABLE_OBJC_WEAK = YES;
				CLANG_WARN_BLOCK_CAPTURE_AUTORELEASING = YES;
				CLANG_WARN_BOOL_CONVERSION = YES;
				CLANG_WARN_COMMA = YES;
				CLANG_WARN_CONSTANT_CONVERSION = YES;
				CLANG_WARN_DEPRECATED_OBJC_IMPLEMENTATIONS = YES;
				CLANG_WARN_DIRECT_OBJC_ISA_USAGE = YES_ERROR;
				CLANG_WARN_DOCUMENTATION_COMMENTS = YES;
				CLANG_WARN_EMPTY_BODY = YES;
				CLANG_WARN_ENUM_CONVERSION = YES;
				CLANG_WARN_INFINITE_RECURSION = YES;
				CLANG_WARN_INT_CONVERSION = YES;
				CLANG_WARN_NON_LITERAL_NULL_CONVERSION = YES;
				CLANG_WARN_OBJC_IMPLICIT_RETAIN_SELF = YES;
				CLANG_WARN_OBJC_LITERAL_CONVERSION = YES;
				CLANG_WARN_OBJC_ROOT_CLASS = YES_ERROR;
				CLANG_WARN_RANGE_LOOP_ANALYSIS = YES;
				CLANG_WARN_STRICT_PROTOTYPES = YES;
				CLANG_WARN_SUSPICIOUS_MOVE = YES;
				CLANG_WARN_UNGUARDED_AVAILABILITY = YES_AGGRESSIVE;
				CLANG_WARN_UNREACHABLE_CODE = YES;
				CLANG_WARN__DUPLICATE_METHOD_MATCH = YES;
				COPY_PHASE_STRIP = NO;
				DEBUG_INFORMATION_FORMAT = "dwarf-with-dsym";
				ENABLE_NS_ASSERTIONS = NO;
				ENABLE_STRICT_OBJC_MSGSEND = YES;
				GCC_C_LANGUAGE_STANDARD = gnu11;
				GCC_NO_COMMON_BLOCKS = YES;
				GCC_WARN_64_TO_32_BIT_CONVERSION = YES;
				GCC_WARN_ABOUT_RETURN_TYPE = YES_ERROR;
				GCC_WARN_UNDECLARED_SELECTOR = YES;
				GCC_WARN_UNINITIALIZED_AUTOS = YES_AGGRESSIVE;
				GCC_WARN_UNUSED_FUNCTION = YES;
				GCC_WARN_UNUSED_VARIABLE = YES;
				IPHONEOS_DEPLOYMENT_TARGET = 13.6;
				MTL_ENABLE_DEBUG_INFO = NO;
				MTL_FAST_MATH = YES;
				SDKROOT = iphoneos;
				SWIFT_COMPILATION_MODE = wholemodule;
				SWIFT_OPTIMIZATION_LEVEL = "-O";
				VALIDATE_PRODUCT = YES;
			};
			name = Release;
		};
		D97BDE2E24E2E90700EA2452 /* Debug */ = {
			isa = XCBuildConfiguration;
			baseConfigurationReference = DC5A5EAE75C330363578ADC0 /* Pods-TaskAmaz.debug.xcconfig */;
			buildSettings = {
				ASSETCATALOG_COMPILER_APPICON_NAME = AppIcon;
				CODE_SIGN_STYLE = Automatic;
				DEVELOPMENT_TEAM = 57CN6FH4FY;
				INFOPLIST_FILE = "$(SRCROOT)/TaskAmaz/Support/Info.plist";
				LD_RUNPATH_SEARCH_PATHS = (
					"$(inherited)",
					"@executable_path/Frameworks",
				);
				PRODUCT_BUNDLE_IDENTIFIER = com.shemy.TaskAmaz;
				PRODUCT_NAME = "$(TARGET_NAME)";
				SWIFT_VERSION = 5.0;
				TARGETED_DEVICE_FAMILY = "1,2";
			};
			name = Debug;
		};
		D97BDE2F24E2E90700EA2452 /* Release */ = {
			isa = XCBuildConfiguration;
			baseConfigurationReference = 763D63E6B745F2E2F7E036B1 /* Pods-TaskAmaz.release.xcconfig */;
			buildSettings = {
				ASSETCATALOG_COMPILER_APPICON_NAME = AppIcon;
				CODE_SIGN_STYLE = Automatic;
				DEVELOPMENT_TEAM = 57CN6FH4FY;
				INFOPLIST_FILE = "$(SRCROOT)/TaskAmaz/Support/Info.plist";
				LD_RUNPATH_SEARCH_PATHS = (
					"$(inherited)",
					"@executable_path/Frameworks",
				);
				PRODUCT_BUNDLE_IDENTIFIER = com.shemy.TaskAmaz;
				PRODUCT_NAME = "$(TARGET_NAME)";
				SWIFT_VERSION = 5.0;
				TARGETED_DEVICE_FAMILY = "1,2";
			};
			name = Release;
		};
/* End XCBuildConfiguration section */

/* Begin XCConfigurationList section */
		D97BDE1424E2E90100EA2452 /* Build configuration list for PBXProject "TaskAmaz" */ = {
			isa = XCConfigurationList;
			buildConfigurations = (
				D97BDE2B24E2E90700EA2452 /* Debug */,
				D97BDE2C24E2E90700EA2452 /* Release */,
			);
			defaultConfigurationIsVisible = 0;
			defaultConfigurationName = Release;
		};
		D97BDE2D24E2E90700EA2452 /* Build configuration list for PBXNativeTarget "TaskAmaz" */ = {
			isa = XCConfigurationList;
			buildConfigurations = (
				D97BDE2E24E2E90700EA2452 /* Debug */,
				D97BDE2F24E2E90700EA2452 /* Release */,
			);
			defaultConfigurationIsVisible = 0;
			defaultConfigurationName = Release;
		};
/* End XCConfigurationList section */
	};
	rootObject = D97BDE1124E2E90100EA2452 /* Project object */;
}
